// !$*UTF8*$!
{
	archiveVersion = 1;
	classes = {
	};
	objectVersion = 50;
	objects = {

/* Begin PBXBuildFile section */
		959BFF5E7F6A93EB5B032FC6 /* Pods_FindRestaurant.framework in Frameworks */ = {isa = PBXBuildFile; fileRef = 86A77DA5563B9368B61DFCB7 /* Pods_FindRestaurant.framework */; };
		D90EF11D22EA6BF000B297D3 /* AppDelegate.swift in Sources */ = {isa = PBXBuildFile; fileRef = D90EF11C22EA6BF000B297D3 /* AppDelegate.swift */; };
		D90EF12222EA6BF000B297D3 /* Main.storyboard in Resources */ = {isa = PBXBuildFile; fileRef = D90EF12022EA6BF000B297D3 /* Main.storyboard */; };
		D90EF12422EA6BF400B297D3 /* Assets.xcassets in Resources */ = {isa = PBXBuildFile; fileRef = D90EF12322EA6BF400B297D3 /* Assets.xcassets */; };
		D90EF12722EA6BF400B297D3 /* LaunchScreen.storyboard in Resources */ = {isa = PBXBuildFile; fileRef = D90EF12522EA6BF400B297D3 /* LaunchScreen.storyboard */; };
		D90FFB4323259424000D02D9 /* DetailsCollectionViewCell.swift in Sources */ = {isa = PBXBuildFile; fileRef = D90FFB4223259424000D02D9 /* DetailsCollectionViewCell.swift */; };
		D914B2D223220238002297D9 /* RestaurantDTO.swift in Sources */ = {isa = PBXBuildFile; fileRef = D914B2D123220238002297D9 /* RestaurantDTO.swift */; };
		D914B2D5232202B1002297D9 /* RestaurantVO.swift in Sources */ = {isa = PBXBuildFile; fileRef = D914B2D4232202B1002297D9 /* RestaurantVO.swift */; };
		D914B2D723220307002297D9 /* DetailsVO.swift in Sources */ = {isa = PBXBuildFile; fileRef = D914B2D623220307002297D9 /* DetailsVO.swift */; };
		D927CD002325FE5F008D2B88 /* LocationPresenter.swift in Sources */ = {isa = PBXBuildFile; fileRef = D927CCFF2325FE5E008D2B88 /* LocationPresenter.swift */; };
		D927CD022326007B008D2B88 /* YelpApi.swift in Sources */ = {isa = PBXBuildFile; fileRef = D927CD012326007B008D2B88 /* YelpApi.swift */; };
		D9439363231CB541008A7046 /* NetworkService.swift in Sources */ = {isa = PBXBuildFile; fileRef = D9439362231CB541008A7046 /* NetworkService.swift */; };
		D968738A23160B5E00A65D0B /* BaseView.swift in Sources */ = {isa = PBXBuildFile; fileRef = D968738923160B5E00A65D0B /* BaseView.swift */; };
		D968738E23160C3500A65D0B /* DetailsFoodView.swift in Sources */ = {isa = PBXBuildFile; fileRef = D968738D23160C3500A65D0B /* DetailsFoodView.swift */; };
		D968739023160E6B00A65D0B /* DetailsFoodViewController.swift in Sources */ = {isa = PBXBuildFile; fileRef = D968738F23160E6B00A65D0B /* DetailsFoodViewController.swift */; };
		D968739323160F1700A65D0B /* RestaurantTableViewController.swift in Sources */ = {isa = PBXBuildFile; fileRef = D968739223160F1700A65D0B /* RestaurantTableViewController.swift */; };
		D968739623160F4300A65D0B /* RestaurantCell.swift in Sources */ = {isa = PBXBuildFile; fileRef = D968739523160F4300A65D0B /* RestaurantCell.swift */; };
		D968739A23160FE500A65D0B /* LocationView.swift in Sources */ = {isa = PBXBuildFile; fileRef = D968739923160FE500A65D0B /* LocationView.swift */; };
		D968739C2316106200A65D0B /* LocationViewController.swift in Sources */ = {isa = PBXBuildFile; fileRef = D968739B2316106200A65D0B /* LocationViewController.swift */; };
		D968739F2316147900A65D0B /* LocationService.swift in Sources */ = {isa = PBXBuildFile; fileRef = D968739E2316147900A65D0B /* LocationService.swift */; };
		D96873A12316231B00A65D0B /* Podfile in Resources */ = {isa = PBXBuildFile; fileRef = D96873A02316231B00A65D0B /* Podfile */; };
		D999C57F232443C2001237FE /* DetailsResponse.swift in Sources */ = {isa = PBXBuildFile; fileRef = D999C57E232443C2001237FE /* DetailsResponse.swift */; };
		D9A62CA3231FDA3800566771 /* .gitignore in Resources */ = {isa = PBXBuildFile; fileRef = D9A62CA2231FDA3800566771 /* .gitignore */; };
/* End PBXBuildFile section */

/* Begin PBXFileReference section */
		86A77DA5563B9368B61DFCB7 /* Pods_FindRestaurant.framework */ = {isa = PBXFileReference; explicitFileType = wrapper.framework; includeInIndex = 0; path = Pods_FindRestaurant.framework; sourceTree = BUILT_PRODUCTS_DIR; };
		9C6F674ECF245B0D31BCB4F5 /* Pods-FindRestaurant.release.xcconfig */ = {isa = PBXFileReference; includeInIndex = 1; lastKnownFileType = text.xcconfig; name = "Pods-FindRestaurant.release.xcconfig"; path = "Target Support Files/Pods-FindRestaurant/Pods-FindRestaurant.release.xcconfig"; sourceTree = "<group>"; };
		9F7819FEC0BC96E8B8589116 /* Pods-FindRestaurant.debug.xcconfig */ = {isa = PBXFileReference; includeInIndex = 1; lastKnownFileType = text.xcconfig; name = "Pods-FindRestaurant.debug.xcconfig"; path = "Target Support Files/Pods-FindRestaurant/Pods-FindRestaurant.debug.xcconfig"; sourceTree = "<group>"; };
		D90EF11922EA6BF000B297D3 /* FindRestaurant.app */ = {isa = PBXFileReference; explicitFileType = wrapper.application; includeInIndex = 0; path = FindRestaurant.app; sourceTree = BUILT_PRODUCTS_DIR; };
		D90EF11C22EA6BF000B297D3 /* AppDelegate.swift */ = {isa = PBXFileReference; lastKnownFileType = sourcecode.swift; path = AppDelegate.swift; sourceTree = "<group>"; };
		D90EF12122EA6BF000B297D3 /* Base */ = {isa = PBXFileReference; lastKnownFileType = file.storyboard; name = Base; path = Base.lproj/Main.storyboard; sourceTree = "<group>"; };
		D90EF12322EA6BF400B297D3 /* Assets.xcassets */ = {isa = PBXFileReference; lastKnownFileType = folder.assetcatalog; path = Assets.xcassets; sourceTree = "<group>"; };
		D90EF12622EA6BF400B297D3 /* Base */ = {isa = PBXFileReference; lastKnownFileType = file.storyboard; name = Base; path = Base.lproj/LaunchScreen.storyboard; sourceTree = "<group>"; };
		D90EF12822EA6BF400B297D3 /* Info.plist */ = {isa = PBXFileReference; lastKnownFileType = text.plist.xml; path = Info.plist; sourceTree = "<group>"; };
		D90FFB4223259424000D02D9 /* DetailsCollectionViewCell.swift */ = {isa = PBXFileReference; lastKnownFileType = sourcecode.swift; path = DetailsCollectionViewCell.swift; sourceTree = "<group>"; };
		D914B2D123220238002297D9 /* RestaurantDTO.swift */ = {isa = PBXFileReference; lastKnownFileType = sourcecode.swift; path = RestaurantDTO.swift; sourceTree = "<group>"; };
		D914B2D4232202B1002297D9 /* RestaurantVO.swift */ = {isa = PBXFileReference; lastKnownFileType = sourcecode.swift; path = RestaurantVO.swift; sourceTree = "<group>"; };
		D914B2D623220307002297D9 /* DetailsVO.swift */ = {isa = PBXFileReference; lastKnownFileType = sourcecode.swift; path = DetailsVO.swift; sourceTree = "<group>"; };
		D927CCFF2325FE5E008D2B88 /* LocationPresenter.swift */ = {isa = PBXFileReference; lastKnownFileType = sourcecode.swift; path = LocationPresenter.swift; sourceTree = "<group>"; };
		D927CD012326007B008D2B88 /* YelpApi.swift */ = {isa = PBXFileReference; lastKnownFileType = sourcecode.swift; path = YelpApi.swift; sourceTree = "<group>"; };
		D9439362231CB541008A7046 /* NetworkService.swift */ = {isa = PBXFileReference; lastKnownFileType = sourcecode.swift; path = NetworkService.swift; sourceTree = "<group>"; };
		D968738923160B5E00A65D0B /* BaseView.swift */ = {isa = PBXFileReference; lastKnownFileType = sourcecode.swift; path = BaseView.swift; sourceTree = "<group>"; };
		D968738D23160C3500A65D0B /* DetailsFoodView.swift */ = {isa = PBXFileReference; lastKnownFileType = sourcecode.swift; path = DetailsFoodView.swift; sourceTree = "<group>"; };
		D968738F23160E6B00A65D0B /* DetailsFoodViewController.swift */ = {isa = PBXFileReference; lastKnownFileType = sourcecode.swift; path = DetailsFoodViewController.swift; sourceTree = "<group>"; };
		D968739223160F1700A65D0B /* RestaurantTableViewController.swift */ = {isa = PBXFileReference; lastKnownFileType = sourcecode.swift; path = RestaurantTableViewController.swift; sourceTree = "<group>"; };
		D968739523160F4300A65D0B /* RestaurantCell.swift */ = {isa = PBXFileReference; lastKnownFileType = sourcecode.swift; path = RestaurantCell.swift; sourceTree = "<group>"; };
		D968739923160FE500A65D0B /* LocationView.swift */ = {isa = PBXFileReference; lastKnownFileType = sourcecode.swift; path = LocationView.swift; sourceTree = "<group>"; };
		D968739B2316106200A65D0B /* LocationViewController.swift */ = {isa = PBXFileReference; lastKnownFileType = sourcecode.swift; path = LocationViewController.swift; sourceTree = "<group>"; };
		D968739E2316147900A65D0B /* LocationService.swift */ = {isa = PBXFileReference; lastKnownFileType = sourcecode.swift; path = LocationService.swift; sourceTree = "<group>"; };
		D96873A02316231B00A65D0B /* Podfile */ = {isa = PBXFileReference; lastKnownFileType = text; path = Podfile; sourceTree = "<group>"; };
		D999C57E232443C2001237FE /* DetailsResponse.swift */ = {isa = PBXFileReference; lastKnownFileType = sourcecode.swift; path = DetailsResponse.swift; sourceTree = "<group>"; };
		D9A62CA2231FDA3800566771 /* .gitignore */ = {isa = PBXFileReference; lastKnownFileType = text; path = .gitignore; sourceTree = "<group>"; };
/* End PBXFileReference section */

/* Begin PBXFrameworksBuildPhase section */
		D90EF11622EA6BF000B297D3 /* Frameworks */ = {
			isa = PBXFrameworksBuildPhase;
			buildActionMask = 2147483647;
			files = (
				959BFF5E7F6A93EB5B032FC6 /* Pods_FindRestaurant.framework in Frameworks */,
			);
			runOnlyForDeploymentPostprocessing = 0;
		};
/* End PBXFrameworksBuildPhase section */

/* Begin PBXGroup section */
		5D12CFE27885E7A455CA8A4E /* Frameworks */ = {
			isa = PBXGroup;
			children = (
				86A77DA5563B9368B61DFCB7 /* Pods_FindRestaurant.framework */,
			);
			name = Frameworks;
			sourceTree = "<group>";
		};
		D90EF11022EA6BF000B297D3 = {
			isa = PBXGroup;
			children = (
				D9A62CA2231FDA3800566771 /* .gitignore */,
				D96873A02316231B00A65D0B /* Podfile */,
				D90EF11B22EA6BF000B297D3 /* FindRestaurant */,
				D90EF11A22EA6BF000B297D3 /* Products */,
				F304FF6988872D7382FD337B /* Pods */,
				5D12CFE27885E7A455CA8A4E /* Frameworks */,
			);
			sourceTree = "<group>";
		};
		D90EF11A22EA6BF000B297D3 /* Products */ = {
			isa = PBXGroup;
			children = (
				D90EF11922EA6BF000B297D3 /* FindRestaurant.app */,
			);
			name = Products;
			sourceTree = "<group>";
		};
		D90EF11B22EA6BF000B297D3 /* FindRestaurant */ = {
			isa = PBXGroup;
			children = (
				D968739D2316146600A65D0B /* Data */,
				D968738823160B4600A65D0B /* Presentation */,
				D90EF11C22EA6BF000B297D3 /* AppDelegate.swift */,
				D90EF12022EA6BF000B297D3 /* Main.storyboard */,
				D90EF12322EA6BF400B297D3 /* Assets.xcassets */,
				D90EF12522EA6BF400B297D3 /* LaunchScreen.storyboard */,
				D90EF12822EA6BF400B297D3 /* Info.plist */,
			);
			path = FindRestaurant;
			sourceTree = "<group>";
		};
		D914B2D32322026C002297D9 /* Model */ = {
			isa = PBXGroup;
			children = (
				D914B2D123220238002297D9 /* RestaurantDTO.swift */,
				D999C57E232443C2001237FE /* DetailsResponse.swift */,
			);
			path = Model;
			sourceTree = "<group>";
		};
		D968738823160B4600A65D0B /* Presentation */ = {
			isa = PBXGroup;
			children = (
				D968739723160FBE00A65D0B /* LocationPermission */,
				D968739123160EED00A65D0B /* List */,
				D968738B23160C0200A65D0B /* Details */,
				D968738923160B5E00A65D0B /* BaseView.swift */,
			);
			path = Presentation;
			sourceTree = "<group>";
		};
		D968738B23160C0200A65D0B /* Details */ = {
			isa = PBXGroup;
			children = (
				D968738C23160C1900A65D0B /* Views */,
				D968738F23160E6B00A65D0B /* DetailsFoodViewController.swift */,
				D914B2D623220307002297D9 /* DetailsVO.swift */,
			);
			path = Details;
			sourceTree = "<group>";
		};
		D968738C23160C1900A65D0B /* Views */ = {
			isa = PBXGroup;
			children = (
				D968738D23160C3500A65D0B /* DetailsFoodView.swift */,
				D90FFB4223259424000D02D9 /* DetailsCollectionViewCell.swift */,
			);
			path = Views;
			sourceTree = "<group>";
		};
		D968739123160EED00A65D0B /* List */ = {
			isa = PBXGroup;
			children = (
				D968739423160F2400A65D0B /* Views */,
				D968739223160F1700A65D0B /* RestaurantTableViewController.swift */,
				D914B2D4232202B1002297D9 /* RestaurantVO.swift */,
			);
			path = List;
			sourceTree = "<group>";
		};
		D968739423160F2400A65D0B /* Views */ = {
			isa = PBXGroup;
			children = (
				D968739523160F4300A65D0B /* RestaurantCell.swift */,
			);
			path = Views;
			sourceTree = "<group>";
		};
		D968739723160FBE00A65D0B /* LocationPermission */ = {
			isa = PBXGroup;
			children = (
				D968739823160FD200A65D0B /* Views */,
				D968739B2316106200A65D0B /* LocationViewController.swift */,
				D927CCFF2325FE5E008D2B88 /* LocationPresenter.swift */,
			);
			path = LocationPermission;
			sourceTree = "<group>";
		};
		D968739823160FD200A65D0B /* Views */ = {
			isa = PBXGroup;
			children = (
				D968739923160FE500A65D0B /* LocationView.swift */,
			);
			path = Views;
			sourceTree = "<group>";
		};
		D968739D2316146600A65D0B /* Data */ = {
			isa = PBXGroup;
			children = (
				D914B2D32322026C002297D9 /* Model */,
				D968739E2316147900A65D0B /* LocationService.swift */,
				D9439362231CB541008A7046 /* NetworkService.swift */,
				D927CD012326007B008D2B88 /* YelpApi.swift */,
			);
			path = Data;
			sourceTree = "<group>";
		};
		F304FF6988872D7382FD337B /* Pods */ = {
			isa = PBXGroup;
			children = (
				9F7819FEC0BC96E8B8589116 /* Pods-FindRestaurant.debug.xcconfig */,
				9C6F674ECF245B0D31BCB4F5 /* Pods-FindRestaurant.release.xcconfig */,
			);
			path = Pods;
			sourceTree = "<group>";
		};
/* End PBXGroup section */

/* Begin PBXNativeTarget section */
		D90EF11822EA6BF000B297D3 /* FindRestaurant */ = {
			isa = PBXNativeTarget;
			buildConfigurationList = D90EF12B22EA6BF400B297D3 /* Build configuration list for PBXNativeTarget "FindRestaurant" */;
			buildPhases = (
				665227BDA01CB0573E94F97B /* [CP] Check Pods Manifest.lock */,
				D90EF11522EA6BF000B297D3 /* Sources */,
				D90EF11622EA6BF000B297D3 /* Frameworks */,
				D90EF11722EA6BF000B297D3 /* Resources */,
				26939194ED735946BBD9BF22 /* [CP] Embed Pods Frameworks */,
			);
			buildRules = (
			);
			dependencies = (
			);
			name = FindRestaurant;
			productName = FindRestaurant;
			productReference = D90EF11922EA6BF000B297D3 /* FindRestaurant.app */;
			productType = "com.apple.product-type.application";
		};
/* End PBXNativeTarget section */

/* Begin PBXProject section */
		D90EF11122EA6BF000B297D3 /* Project object */ = {
			isa = PBXProject;
			attributes = {
				LastSwiftUpdateCheck = 1030;
				LastUpgradeCheck = 1030;
				ORGANIZATIONNAME = "Thiago Zagui Giacomini";
				TargetAttributes = {
					D90EF11822EA6BF000B297D3 = {
						CreatedOnToolsVersion = 10.3;
					};
				};
			};
			buildConfigurationList = D90EF11422EA6BF000B297D3 /* Build configuration list for PBXProject "FindRestaurant" */;
			compatibilityVersion = "Xcode 9.3";
			developmentRegion = en;
			hasScannedForEncodings = 0;
			knownRegions = (
				en,
				Base,
			);
			mainGroup = D90EF11022EA6BF000B297D3;
			productRefGroup = D90EF11A22EA6BF000B297D3 /* Products */;
			projectDirPath = "";
			projectRoot = "";
			targets = (
				D90EF11822EA6BF000B297D3 /* FindRestaurant */,
			);
		};
/* End PBXProject section */

/* Begin PBXResourcesBuildPhase section */
		D90EF11722EA6BF000B297D3 /* Resources */ = {
			isa = PBXResourcesBuildPhase;
			buildActionMask = 2147483647;
			files = (
				D9A62CA3231FDA3800566771 /* .gitignore in Resources */,
				D90EF12722EA6BF400B297D3 /* LaunchScreen.storyboard in Resources */,
				D90EF12422EA6BF400B297D3 /* Assets.xcassets in Resources */,
				D96873A12316231B00A65D0B /* Podfile in Resources */,
				D90EF12222EA6BF000B297D3 /* Main.storyboard in Resources */,
			);
			runOnlyForDeploymentPostprocessing = 0;
		};
/* End PBXResourcesBuildPhase section */

/* Begin PBXShellScriptBuildPhase section */
		26939194ED735946BBD9BF22 /* [CP] Embed Pods Frameworks */ = {
			isa = PBXShellScriptBuildPhase;
			buildActionMask = 2147483647;
			files = (
			);
			inputFileListPaths = (
			);
			inputPaths = (
				"${PODS_ROOT}/Target Support Files/Pods-FindRestaurant/Pods-FindRestaurant-frameworks.sh",
				"${BUILT_PRODUCTS_DIR}/Alamofire/Alamofire.framework",
				"${BUILT_PRODUCTS_DIR}/AlamofireImage/AlamofireImage.framework",
				"${BUILT_PRODUCTS_DIR}/Keys/Keys.framework",
				"${BUILT_PRODUCTS_DIR}/Moya/Moya.framework",
				"${BUILT_PRODUCTS_DIR}/Result/Result.framework",
			);
			name = "[CP] Embed Pods Frameworks";
			outputFileListPaths = (
			);
			outputPaths = (
				"${TARGET_BUILD_DIR}/${FRAMEWORKS_FOLDER_PATH}/Alamofire.framework",
				"${TARGET_BUILD_DIR}/${FRAMEWORKS_FOLDER_PATH}/AlamofireImage.framework",
				"${TARGET_BUILD_DIR}/${FRAMEWORKS_FOLDER_PATH}/Keys.framework",
				"${TARGET_BUILD_DIR}/${FRAMEWORKS_FOLDER_PATH}/Moya.framework",
				"${TARGET_BUILD_DIR}/${FRAMEWORKS_FOLDER_PATH}/Result.framework",
			);
			runOnlyForDeploymentPostprocessing = 0;
			shellPath = /bin/sh;
			shellScript = "\"${PODS_ROOT}/Target Support Files/Pods-FindRestaurant/Pods-FindRestaurant-frameworks.sh\"\n";
			showEnvVarsInLog = 0;
		};
		665227BDA01CB0573E94F97B /* [CP] Check Pods Manifest.lock */ = {
			isa = PBXShellScriptBuildPhase;
			buildActionMask = 2147483647;
			files = (
			);
			inputFileListPaths = (
			);
			inputPaths = (
				"${PODS_PODFILE_DIR_PATH}/Podfile.lock",
				"${PODS_ROOT}/Manifest.lock",
			);
			name = "[CP] Check Pods Manifest.lock";
			outputFileListPaths = (
			);
			outputPaths = (
				"$(DERIVED_FILE_DIR)/Pods-FindRestaurant-checkManifestLockResult.txt",
			);
			runOnlyForDeploymentPostprocessing = 0;
			shellPath = /bin/sh;
			shellScript = "diff \"${PODS_PODFILE_DIR_PATH}/Podfile.lock\" \"${PODS_ROOT}/Manifest.lock\" > /dev/null\nif [ $? != 0 ] ; then\n    # print error to STDERR\n    echo \"error: The sandbox is not in sync with the Podfile.lock. Run 'pod install' or update your CocoaPods installation.\" >&2\n    exit 1\nfi\n# This output is used by Xcode 'outputs' to avoid re-running this script phase.\necho \"SUCCESS\" > \"${SCRIPT_OUTPUT_FILE_0}\"\n";
			showEnvVarsInLog = 0;
		};
/* End PBXShellScriptBuildPhase section */

/* Begin PBXSourcesBuildPhase section */
		D90EF11522EA6BF000B297D3 /* Sources */ = {
			isa = PBXSourcesBuildPhase;
			buildActionMask = 2147483647;
			files = (
				D927CD002325FE5F008D2B88 /* LocationPresenter.swift in Sources */,
				D914B2D223220238002297D9 /* RestaurantDTO.swift in Sources */,
				D9439363231CB541008A7046 /* NetworkService.swift in Sources */,
				D90FFB4323259424000D02D9 /* DetailsCollectionViewCell.swift in Sources */,
				D968738A23160B5E00A65D0B /* BaseView.swift in Sources */,
				D914B2D5232202B1002297D9 /* RestaurantVO.swift in Sources */,
				D968739A23160FE500A65D0B /* LocationView.swift in Sources */,
				D968739F2316147900A65D0B /* LocationService.swift in Sources */,
				D968738E23160C3500A65D0B /* DetailsFoodView.swift in Sources */,
				D968739023160E6B00A65D0B /* DetailsFoodViewController.swift in Sources */,
				D968739323160F1700A65D0B /* RestaurantTableViewController.swift in Sources */,
				D999C57F232443C2001237FE /* DetailsResponse.swift in Sources */,
				D927CD022326007B008D2B88 /* YelpApi.swift in Sources */,
				D968739C2316106200A65D0B /* LocationViewController.swift in Sources */,
				D914B2D723220307002297D9 /* DetailsVO.swift in Sources */,
				D968739623160F4300A65D0B /* RestaurantCell.swift in Sources */,
				D90EF11D22EA6BF000B297D3 /* AppDelegate.swift in Sources */,
			);
			runOnlyForDeploymentPostprocessing = 0;
		};
/* End PBXSourcesBuildPhase section */

/* Begin PBXVariantGroup section */
		D90EF12022EA6BF000B297D3 /* Main.storyboard */ = {
			isa = PBXVariantGroup;
			children = (
				D90EF12122EA6BF000B297D3 /* Base */,
			);
			name = Main.storyboard;
			sourceTree = "<group>";
		};
		D90EF12522EA6BF400B297D3 /* LaunchScreen.storyboard */ = {
			isa = PBXVariantGroup;
			children = (
				D90EF12622EA6BF400B297D3 /* Base */,
			);
			name = LaunchScreen.storyboard;
			sourceTree = "<group>";
		};
/* End PBXVariantGroup section */

/* Begin XCBuildConfiguration section */
		D90EF12922EA6BF400B297D3 /* Debug */ = {
			isa = XCBuildConfiguration;
			buildSettings = {
				ALWAYS_SEARCH_USER_PATHS = NO;
				CLANG_ANALYZER_NONNULL = YES;
				CLANG_ANALYZER_NUMBER_OBJECT_CONVERSION = YES_AGGRESSIVE;
				CLANG_CXX_LANGUAGE_STANDARD = "gnu++14";
				CLANG_CXX_LIBRARY = "libc++";
				CLANG_ENABLE_MODULES = YES;
				CLANG_ENABLE_OBJC_ARC = YES;
				CLANG_ENABLE_OBJC_WEAK = YES;
				CLANG_WARN_BLOCK_CAPTURE_AUTORELEASING = YES;
				CLANG_WARN_BOOL_CONVERSION = YES;
				CLANG_WARN_COMMA = YES;
				CLANG_WARN_CONSTANT_CONVERSION = YES;
				CLANG_WARN_DEPRECATED_OBJC_IMPLEMENTATIONS = YES;
				CLANG_WARN_DIRECT_OBJC_ISA_USAGE = YES_ERROR;
				CLANG_WARN_DOCUMENTATION_COMMENTS = YES;
				CLANG_WARN_EMPTY_BODY = YES;
				CLANG_WARN_ENUM_CONVERSION = YES;
				CLANG_WARN_INFINITE_RECURSION = YES;
				CLANG_WARN_INT_CONVERSION = YES;
				CLANG_WARN_NON_LITERAL_NULL_CONVERSION = YES;
				CLANG_WARN_OBJC_IMPLICIT_RETAIN_SELF = YES;
				CLANG_WARN_OBJC_LITERAL_CONVERSION = YES;
				CLANG_WARN_OBJC_ROOT_CLASS = YES_ERROR;
				CLANG_WARN_RANGE_LOOP_ANALYSIS = YES;
				CLANG_WARN_STRICT_PROTOTYPES = YES;
				CLANG_WARN_SUSPICIOUS_MOVE = YES;
				CLANG_WARN_UNGUARDED_AVAILABILITY = YES_AGGRESSIVE;
				CLANG_WARN_UNREACHABLE_CODE = YES;
				CLANG_WARN__DUPLICATE_METHOD_MATCH = YES;
				CODE_SIGN_IDENTITY = "iPhone Developer";
				COPY_PHASE_STRIP = NO;
				DEBUG_INFORMATION_FORMAT = dwarf;
				ENABLE_STRICT_OBJC_MSGSEND = YES;
				ENABLE_TESTABILITY = YES;
				GCC_C_LANGUAGE_STANDARD = gnu11;
				GCC_DYNAMIC_NO_PIC = NO;
				GCC_NO_COMMON_BLOCKS = YES;
				GCC_OPTIMIZATION_LEVEL = 0;
				GCC_PREPROCESSOR_DEFINITIONS = (
					"DEBUG=1",
					"$(inherited)",
				);
				GCC_WARN_64_TO_32_BIT_CONVERSION = YES;
				GCC_WARN_ABOUT_RETURN_TYPE = YES_ERROR;
				GCC_WARN_UNDECLARED_SELECTOR = YES;
				GCC_WARN_UNINITIALIZED_AUTOS = YES_AGGRESSIVE;
				GCC_WARN_UNUSED_FUNCTION = YES;
				GCC_WARN_UNUSED_VARIABLE = YES;
				IPHONEOS_DEPLOYMENT_TARGET = 12.4;
				MTL_ENABLE_DEBUG_INFO = INCLUDE_SOURCE;
				MTL_FAST_MATH = YES;
				ONLY_ACTIVE_ARCH = YES;
				SDKROOT = iphoneos;
				SWIFT_ACTIVE_COMPILATION_CONDITIONS = DEBUG;
				SWIFT_OPTIMIZATION_LEVEL = "-Onone";
			};
			name = Debug;
		};
		D90EF12A22EA6BF400B297D3 /* Release */ = {
			isa = XCBuildConfiguration;
			buildSettings = {
				ALWAYS_SEARCH_USER_PATHS = NO;
				CLANG_ANALYZER_NONNULL = YES;
				CLANG_ANALYZER_NUMBER_OBJECT_CONVERSION = YES_AGGRESSIVE;
				CLANG_CXX_LANGUAGE_STANDARD = "gnu++14";
				CLANG_CXX_LIBRARY = "libc++";
				CLANG_ENABLE_MODULES = YES;
				CLANG_ENABLE_OBJC_ARC = YES;
				CLANG_ENABLE_OBJC_WEAK = YES;
				CLANG_WARN_BLOCK_CAPTURE_AUTORELEASING = YES;
				CLANG_WARN_BOOL_CONVERSION = YES;
				CLANG_WARN_COMMA = YES;
				CLANG_WARN_CONSTANT_CONVERSION = YES;
				CLANG_WARN_DEPRECATED_OBJC_IMPLEMENTATIONS = YES;
				CLANG_WARN_DIRECT_OBJC_ISA_USAGE = YES_ERROR;
				CLANG_WARN_DOCUMENTATION_COMMENTS = YES;
				CLANG_WARN_EMPTY_BODY = YES;
				CLANG_WARN_ENUM_CONVERSION = YES;
				CLANG_WARN_INFINITE_RECURSION = YES;
				CLANG_WARN_INT_CONVERSION = YES;
				CLANG_WARN_NON_LITERAL_NULL_CONVERSION = YES;
				CLANG_WARN_OBJC_IMPLICIT_RETAIN_SELF = YES;
				CLANG_WARN_OBJC_LITERAL_CONVERSION = YES;
				CLANG_WARN_OBJC_ROOT_CLASS = YES_ERROR;
				CLANG_WARN_RANGE_LOOP_ANALYSIS = YES;
				CLANG_WARN_STRICT_PROTOTYPES = YES;
				CLANG_WARN_SUSPICIOUS_MOVE = YES;
				CLANG_WARN_UNGUARDED_AVAILABILITY = YES_AGGRESSIVE;
				CLANG_WARN_UNREACHABLE_CODE = YES;
				CLANG_WARN__DUPLICATE_METHOD_MATCH = YES;
				CODE_SIGN_IDENTITY = "iPhone Developer";
				COPY_PHASE_STRIP = NO;
				DEBUG_INFORMATION_FORMAT = "dwarf-with-dsym";
				ENABLE_NS_ASSERTIONS = NO;
				ENABLE_STRICT_OBJC_MSGSEND = YES;
				GCC_C_LANGUAGE_STANDARD = gnu11;
				GCC_NO_COMMON_BLOCKS = YES;
				GCC_WARN_64_TO_32_BIT_CONVERSION = YES;
				GCC_WARN_ABOUT_RETURN_TYPE = YES_ERROR;
				GCC_WARN_UNDECLARED_SELECTOR = YES;
				GCC_WARN_UNINITIALIZED_AUTOS = YES_AGGRESSIVE;
				GCC_WARN_UNUSED_FUNCTION = YES;
				GCC_WARN_UNUSED_VARIABLE = YES;
				IPHONEOS_DEPLOYMENT_TARGET = 12.4;
				MTL_ENABLE_DEBUG_INFO = NO;
				MTL_FAST_MATH = YES;
				SDKROOT = iphoneos;
				SWIFT_COMPILATION_MODE = wholemodule;
				SWIFT_OPTIMIZATION_LEVEL = "-O";
				VALIDATE_PRODUCT = YES;
			};
			name = Release;
		};
		D90EF12C22EA6BF400B297D3 /* Debug */ = {
			isa = XCBuildConfiguration;
			baseConfigurationReference = 9F7819FEC0BC96E8B8589116 /* Pods-FindRestaurant.debug.xcconfig */;
			buildSettings = {
				ASSETCATALOG_COMPILER_APPICON_NAME = AppIcon;
				CODE_SIGN_STYLE = Automatic;
				DEVELOPMENT_TEAM = 53B2X8AM38;
				INFOPLIST_FILE = FindRestaurant/Info.plist;
				LD_RUNPATH_SEARCH_PATHS = (
					"$(inherited)",
					"@executable_path/Frameworks",
				);
				PRODUCT_BUNDLE_IDENTIFIER = br.com.thiagozg.FindRestaurant;
				PRODUCT_NAME = "$(TARGET_NAME)";
				SWIFT_VERSION = 5.0;
				TARGETED_DEVICE_FAMILY = "1,2";
			};
			name = Debug;
		};
		D90EF12D22EA6BF400B297D3 /* Release */ = {
			isa = XCBuildConfiguration;
			baseConfigurationReference = 9C6F674ECF245B0D31BCB4F5 /* Pods-FindRestaurant.release.xcconfig */;
			buildSettings = {
				ASSETCATALOG_COMPILER_APPICON_NAME = AppIcon;
				CODE_SIGN_STYLE = Automatic;
				DEVELOPMENT_TEAM = 53B2X8AM38;
				INFOPLIST_FILE = FindRestaurant/Info.plist;
				LD_RUNPATH_SEARCH_PATHS = (
					"$(inherited)",
					"@executable_path/Frameworks",
				);
				PRODUCT_BUNDLE_IDENTIFIER = br.com.thiagozg.FindRestaurant;
				PRODUCT_NAME = "$(TARGET_NAME)";
				SWIFT_VERSION = 5.0;
				TARGETED_DEVICE_FAMILY = "1,2";
			};
			name = Release;
		};
/* End XCBuildConfiguration section */

/* Begin XCConfigurationList section */
		D90EF11422EA6BF000B297D3 /* Build configuration list for PBXProject "FindRestaurant" */ = {
			isa = XCConfigurationList;
			buildConfigurations = (
				D90EF12922EA6BF400B297D3 /* Debug */,
				D90EF12A22EA6BF400B297D3 /* Release */,
			);
			defaultConfigurationIsVisible = 0;
			defaultConfigurationName = Release;
		};
		D90EF12B22EA6BF400B297D3 /* Build configuration list for PBXNativeTarget "FindRestaurant" */ = {
			isa = XCConfigurationList;
			buildConfigurations = (
				D90EF12C22EA6BF400B297D3 /* Debug */,
				D90EF12D22EA6BF400B297D3 /* Release */,
			);
			defaultConfigurationIsVisible = 0;
			defaultConfigurationName = Release;
		};
/* End XCConfigurationList section */
	};
	rootObject = D90EF11122EA6BF000B297D3 /* Project object */;
}
